
Microsoft Visual Studio Solution File, Format Version 12.00
# Visual Studio Version 17
VisualStudioVersion = 17.8.34511.84
MinimumVisualStudioVersion = 10.0.40219.1
Project("{FAE04EC0-301F-11D3-BF4B-00C04F79EFBC}") = "MobileRepairCenter", "MobileRepairCenter\MobileRepairCenter\MobileRepairCenter.csproj", "{0C22785C-8921-4068-A9ED-3827C9B28BD0}"
EndProject
Project("{FAE04EC0-301F-11D3-BF4B-00C04F79EFBC}") = "MobileRepairCenter.Client", "MobileRepairCenter\MobileRepairCenter.Client\MobileRepairCenter.Client.csproj", "{467F1E5E-C877-489A-AB0D-16B217F14D38}"
EndProject
Project("{FAE04EC0-301F-11D3-BF4B-00C04F79EFBC}") = "MobileRepairCenter.DAL", "MobileRepairCenter.DAL\MobileRepairCenter.DAL.csproj", "{2AAAC13E-614E-4296-AEE7-DBC27D84FFAD}"
EndProject
Project("{FAE04EC0-301F-11D3-BF4B-00C04F79EFBC}") = "MobileRepairCenter.Domain", "MobileRepairCenter.Domain\MobileRepairCenter.Domain.csproj", "{3A3323B3-826D-42AE-A679-3D25C31E568E}"
EndProject
Global
	GlobalSection(SolutionConfigurationPlatforms) = preSolution
		Debug|Any CPU = Debug|Any CPU
		Release|Any CPU = Release|Any CPU
	EndGlobalSection
	GlobalSection(ProjectConfigurationPlatforms) = postSolution
		{0C22785C-8921-4068-A9ED-3827C9B28BD0}.Debug|Any CPU.ActiveCfg = Debug|Any CPU
		{0C22785C-8921-4068-A9ED-3827C9B28BD0}.Debug|Any CPU.Build.0 = Debug|Any CPU
		{0C22785C-8921-4068-A9ED-3827C9B28BD0}.Release|Any CPU.ActiveCfg = Release|Any CPU
		{0C22785C-8921-4068-A9ED-3827C9B28BD0}.Release|Any CPU.Build.0 = Release|Any CPU
		{467F1E5E-C877-489A-AB0D-16B217F14D38}.Debug|Any CPU.ActiveCfg = Debug|Any CPU
		{467F1E5E-C877-489A-AB0D-16B217F14D38}.Debug|Any CPU.Build.0 = Debug|Any CPU
		{467F1E5E-C877-489A-AB0D-16B217F14D38}.Release|Any CPU.ActiveCfg = Release|Any CPU
		{467F1E5E-C877-489A-AB0D-16B217F14D38}.Release|Any CPU.Build.0 = Release|Any CPU
		{2AAAC13E-614E-4296-AEE7-DBC27D84FFAD}.Debug|Any CPU.ActiveCfg = Debug|Any CPU
		{2AAAC13E-614E-4296-AEE7-DBC27D84FFAD}.Debug|Any CPU.Build.0 = Debug|Any CPU
		{2AAAC13E-614E-4296-AEE7-DBC27D84FFAD}.Release|Any CPU.ActiveCfg = Release|Any CPU
		{2AAAC13E-614E-4296-AEE7-DBC27D84FFAD}.Release|Any CPU.Build.0 = Release|Any CPU
		{3A3323B3-826D-42AE-A679-3D25C31E568E}.Debug|Any CPU.ActiveCfg = Debug|Any CPU
		{3A3323B3-826D-42AE-A679-3D25C31E568E}.Debug|Any CPU.Build.0 = Debug|Any CPU
		{3A3323B3-826D-42AE-A679-3D25C31E568E}.Release|Any CPU.ActiveCfg = Release|Any CPU
		{3A3323B3-826D-42AE-A679-3D25C31E568E}.Release|Any CPU.Build.0 = Release|Any CPU
	EndGlobalSection
	GlobalSection(SolutionProperties) = preSolution
		HideSolutionNode = FALSE
	EndGlobalSection
	GlobalSection(ExtensibilityGlobals) = postSolution
		SolutionGuid = {44F43432-FAB0-4AF2-99F9-93DA1D3F8B65}
	EndGlobalSection
EndGlobal
