
Microsoft Visual Studio Solution File, Format Version 12.00
# Visual Studio Version 17
VisualStudioVersion = 17.11.35327.3
MinimumVisualStudioVersion = 10.0.40219.1
Project("{9A19103F-16F7-4668-BE54-9A1E7A4F7556}") = "MobileRepair", "MobileRepair\MobileRepair\MobileRepair.csproj", "{8B48E1BC-B647-4920-9604-5F884D025664}"
EndProject
Project("{9A19103F-16F7-4668-BE54-9A1E7A4F7556}") = "MobileRepair.Client", "MobileRepair\MobileRepair.Client\MobileRepair.Client.csproj", "{FCB774E2-7015-465A-B083-A0959A7BC569}"
EndProject
Global
	GlobalSection(SolutionConfigurationPlatforms) = preSolution
		Debug|Any CPU = Debug|Any CPU
		Release|Any CPU = Release|Any CPU
	EndGlobalSection
	GlobalSection(ProjectConfigurationPlatforms) = postSolution
		{8B48E1BC-B647-4920-9604-5F884D025664}.Debug|Any CPU.ActiveCfg = Debug|Any CPU
		{8B48E1BC-B647-4920-9604-5F884D025664}.Debug|Any CPU.Build.0 = Debug|Any CPU
		{8B48E1BC-B647-4920-9604-5F884D025664}.Release|Any CPU.ActiveCfg = Release|Any CPU
		{8B48E1BC-B647-4920-9604-5F884D025664}.Release|Any CPU.Build.0 = Release|Any CPU
		{FCB774E2-7015-465A-B083-A0959A7BC569}.Debug|Any CPU.ActiveCfg = Debug|Any CPU
		{FCB774E2-7015-465A-B083-A0959A7BC569}.Debug|Any CPU.Build.0 = Debug|Any CPU
		{FCB774E2-7015-465A-B083-A0959A7BC569}.Release|Any CPU.ActiveCfg = Release|Any CPU
		{FCB774E2-7015-465A-B083-A0959A7BC569}.Release|Any CPU.Build.0 = Release|Any CPU
	EndGlobalSection
	GlobalSection(SolutionProperties) = preSolution
		HideSolutionNode = FALSE
	EndGlobalSection
	GlobalSection(ExtensibilityGlobals) = postSolution
		SolutionGuid = {BF41F3CC-4660-4DBF-9417-70B1743F1134}
	EndGlobalSection
EndGlobal
